
Microsoft Visual Studio Solution File, Format Version 12.00
# Visual Studio 15
VisualStudioVersion = 15.0.26124.0
MinimumVisualStudioVersion = 15.0.26124.0
Project("{FAE04EC0-301F-11D3-BF4B-00C04F79EFBC}") = "mc", "mc\mc.csproj", "{31BF18B1-7764-4B59-A166-5599358AA48F}"
EndProject
Project("{FAE04EC0-301F-11D3-BF4B-00C04F79EFBC}") = "Compiler.Tests", "Compiler.Tests\Compiler.Tests.csproj", "{D973CBD7-2B76-489F-8B73-DDAB109DDD46}"
EndProject
Global
	GlobalSection(SolutionConfigurationPlatforms) = preSolution
		Debug|Any CPU = Debug|Any CPU
		Debug|x64 = Debug|x64
		Debug|x86 = Debug|x86
		Release|Any CPU = Release|Any CPU
		Release|x64 = Release|x64
		Release|x86 = Release|x86
	EndGlobalSection
	GlobalSection(SolutionProperties) = preSolution
		HideSolutionNode = FALSE
	EndGlobalSection
	GlobalSection(ProjectConfigurationPlatforms) = postSolution
		{31BF18B1-7764-4B59-A166-5599358AA48F}.Debug|Any CPU.ActiveCfg = Debug|Any CPU
		{31BF18B1-7764-4B59-A166-5599358AA48F}.Debug|Any CPU.Build.0 = Debug|Any CPU
		{31BF18B1-7764-4B59-A166-5599358AA48F}.Debug|x64.ActiveCfg = Debug|Any CPU
		{31BF18B1-7764-4B59-A166-5599358AA48F}.Debug|x64.Build.0 = Debug|Any CPU
		{31BF18B1-7764-4B59-A166-5599358AA48F}.Debug|x86.ActiveCfg = Debug|Any CPU
		{31BF18B1-7764-4B59-A166-5599358AA48F}.Debug|x86.Build.0 = Debug|Any CPU
		{31BF18B1-7764-4B59-A166-5599358AA48F}.Release|Any CPU.ActiveCfg = Release|Any CPU
		{31BF18B1-7764-4B59-A166-5599358AA48F}.Release|Any CPU.Build.0 = Release|Any CPU
		{31BF18B1-7764-4B59-A166-5599358AA48F}.Release|x64.ActiveCfg = Release|Any CPU
		{31BF18B1-7764-4B59-A166-5599358AA48F}.Release|x64.Build.0 = Release|Any CPU
		{31BF18B1-7764-4B59-A166-5599358AA48F}.Release|x86.ActiveCfg = Release|Any CPU
		{31BF18B1-7764-4B59-A166-5599358AA48F}.Release|x86.Build.0 = Release|Any CPU
		{D973CBD7-2B76-489F-8B73-DDAB109DDD46}.Debug|Any CPU.ActiveCfg = Debug|Any CPU
		{D973CBD7-2B76-489F-8B73-DDAB109DDD46}.Debug|Any CPU.Build.0 = Debug|Any CPU
		{D973CBD7-2B76-489F-8B73-DDAB109DDD46}.Debug|x64.ActiveCfg = Debug|Any CPU
		{D973CBD7-2B76-489F-8B73-DDAB109DDD46}.Debug|x64.Build.0 = Debug|Any CPU
		{D973CBD7-2B76-489F-8B73-DDAB109DDD46}.Debug|x86.ActiveCfg = Debug|Any CPU
		{D973CBD7-2B76-489F-8B73-DDAB109DDD46}.Debug|x86.Build.0 = Debug|Any CPU
		{D973CBD7-2B76-489F-8B73-DDAB109DDD46}.Release|Any CPU.ActiveCfg = Release|Any CPU
		{D973CBD7-2B76-489F-8B73-DDAB109DDD46}.Release|Any CPU.Build.0 = Release|Any CPU
		{D973CBD7-2B76-489F-8B73-DDAB109DDD46}.Release|x64.ActiveCfg = Release|Any CPU
		{D973CBD7-2B76-489F-8B73-DDAB109DDD46}.Release|x64.Build.0 = Release|Any CPU
		{D973CBD7-2B76-489F-8B73-DDAB109DDD46}.Release|x86.ActiveCfg = Release|Any CPU
		{D973CBD7-2B76-489F-8B73-DDAB109DDD46}.Release|x86.Build.0 = Release|Any CPU
	EndGlobalSection
EndGlobal
